<?xml version="1.0" encoding="utf-8"?>
<Project ToolsVersion="4.0" xmlns="http://schemas.microsoft.com/developer/msbuild/2003">
  <ItemGroup>
    <ClCompile Include="MainFrm.cpp">
      <Filter>Source Files</Filter>
    </ClCompile>
    <ClCompile Include="OutputBar.cpp">
      <Filter>Source Files</Filter>
    </ClCompile>
    <ClCompile Include="PropertiesViewBar.cpp">
      <Filter>Source Files</Filter>
    </ClCompile>
    <ClCompile Include="just_BCGP.cpp">
      <Filter>Source Files</Filter>
    </ClCompile>
    <ClCompile Include="just_BCGPDoc.cpp">
      <Filter>Source Files</Filter>
    </ClCompile>
    <ClCompile Include="just_BCGPView.cpp">
      <Filter>Source Files</Filter>
    </ClCompile>
    <ClCompile Include="ToolBox.cpp">
      <Filter>Source Files</Filter>
    </ClCompile>
    <ClCompile Include="stdafx.cpp">
      <Filter>Source Files</Filter>
    </ClCompile>
    <ClCompile Include="WorkSpaceBar.cpp">
      <Filter>Source Files</Filter>
    </ClCompile>
    <ClCompile Include="WorkSpaceBar2.cpp">
      <Filter>Source Files</Filter>
    </ClCompile>
    <ClCompile Include="QDlgAttributes.cpp">
      <Filter>Source Files</Filter>
    </ClCompile>
    <ClCompile Include="panels\Panel_Symbols.cpp">
      <Filter>panels</Filter>
    </ClCompile>
    <ClCompile Include="panels\Panel_Pages.cpp">
      <Filter>panels</Filter>
    </ClCompile>
    <ClCompile Include="panels\Panel_Layers.cpp">
      <Filter>panels</Filter>
    </ClCompile>
    <ClCompile Include="panels\Panel_With_Preview.cpp">
      <Filter>Source Files</Filter>
    </ClCompile>
    <ClCompile Include="panels\QListBoxPages.cpp">
      <Filter>Source Files</Filter>
    </ClCompile>
    <ClCompile Include="QDlgListBox.cpp">
      <Filter>Source Files</Filter>
    </ClCompile>
    <ClCompile Include="panels\QListBoxWithKeyboard.cpp">
      <Filter>Source Files</Filter>
    </ClCompile>
    <ClCompile Include="Page_Listbox.cpp">
      <Filter>Source Files</Filter>
    </ClCompile>
    <ClCompile Include="QDlgOwnerDraw.cpp">
      <Filter>Source Files</Filter>
    </ClCompile>
    <ClCompile Include="QStyleGridItem.cpp">
      <Filter>Source Files</Filter>
    </ClCompile>
    <ClCompile Include="CrashRptInit.cpp">
      <Filter>Source Files</Filter>
    </ClCompile>
    <ClCompile Include="CProp_CElemRef.cpp">
      <Filter>Source Files</Filter>
    </ClCompile>
    <ClCompile Include="QOnePage.cpp">
      <Filter>Source Files</Filter>
    </ClCompile>
    <ClCompile Include="QUtilsMFC.cpp">
      <Filter>Source Files</Filter>
    </ClCompile>
  </ItemGroup>
  <ItemGroup>
    <ClInclude Include="MainFrm.h">
      <Filter>Header Files</Filter>
    </ClInclude>
    <ClInclude Include="OutputBar.h">
      <Filter>Header Files</Filter>
    </ClInclude>
    <ClInclude Include="PropertiesViewBar.h">
      <Filter>Header Files</Filter>
    </ClInclude>
    <ClInclude Include="Resource.h">
      <Filter>Header Files</Filter>
    </ClInclude>
    <ClInclude Include="just_BCGP.h">
      <Filter>Header Files</Filter>
    </ClInclude>
    <ClInclude Include="just_BCGPDoc.h">
      <Filter>Header Files</Filter>
    </ClInclude>
    <ClInclude Include="just_BCGPView.h">
      <Filter>Header Files</Filter>
    </ClInclude>
    <ClInclude Include="stdafx.h">
      <Filter>Header Files</Filter>
    </ClInclude>
    <ClInclude Include="WorkSpaceBar.h">
      <Filter>Header Files</Filter>
    </ClInclude>
    <ClInclude Include="WorkSpaceBar2.h">
      <Filter>Header Files</Filter>
    </ClInclude>
    <ClInclude Include="ToolBox.h">
      <Filter>Header Files</Filter>
    </ClInclude>
    <ClInclude Include="QDlgAttributes.h">
      <Filter>Header Files</Filter>
    </ClInclude>
    <ClInclude Include="panels\Panel_Symbols.h">
      <Filter>panels</Filter>
    </ClInclude>
    <ClInclude Include="panels\Panel_Pages.h">
      <Filter>panels</Filter>
    </ClInclude>
    <ClInclude Include="panels\Panel_Layers.h">
      <Filter>panels</Filter>
    </ClInclude>
    <ClInclude Include="panels\Panel_With_Preview.h">
      <Filter>Header Files</Filter>
    </ClInclude>
    <ClInclude Include="panels\QDlgPagePreview.h">
      <Filter>Header Files</Filter>
    </ClInclude>
    <ClInclude Include="panels\QListBoxPages.h">
      <Filter>Header Files</Filter>
    </ClInclude>
    <ClInclude Include="QDlgListBox.h">
      <Filter>Header Files</Filter>
    </ClInclude>
    <ClInclude Include="panels\QListBoxWithKeyboard.h">
      <Filter>Header Files</Filter>
    </ClInclude>
    <ClInclude Include="Page_Listbox.h">
      <Filter>Header Files</Filter>
    </ClInclude>
    <ClInclude Include="QDlgOwnerDraw.h">
      <Filter>Header Files</Filter>
    </ClInclude>
    <ClInclude Include="QStyleGridItem.h">
      <Filter>Header Files</Filter>
    </ClInclude>
    <ClInclude Include="CrashRptInit.h">
      <Filter>Header Files</Filter>
    </ClInclude>
    <ClInclude Include="CProp_CElemRef.h">
      <Filter>Header Files</Filter>
    </ClInclude>
    <ClInclude Include="QOnePage.h">
      <Filter>Header Files</Filter>
    </ClInclude>
    <ClInclude Include="QUtilsMFC.h">
      <Filter>Header Files</Filter>
    </ClInclude>
  </ItemGroup>
  <ItemGroup>
    <Image Include="res\just_BCGP.ico">
      <Filter>Resource Files</Filter>
    </Image>
    <Image Include="res\just_BCGPDoc.ico">
      <Filter>Resource Files</Filter>
    </Image>
    <Image Include="res\Toolbar.bmp">
      <Filter>Resource Files</Filter>
    </Image>
    <Image Include="res\Toolbar.png">
      <Filter>Resource Files</Filter>
    </Image>
    <Image Include="UserImages.png">
      <Filter>Resource Files</Filter>
    </Image>
    <Image Include="res\Workspace.png">
      <Filter>Resource Files</Filter>
    </Image>
    <Image Include="res\tools_page1.png">
      <Filter>Resource Files</Filter>
    </Image>
    <Image Include="res\tools_page2.png">
      <Filter>Resource Files</Filter>
    </Image>
    <Image Include="res\toolbar1.bmp">
      <Filter>Resource Files</Filter>
    </Image>
    <Image Include="res\mainfram.bmp">
      <Filter>Resource Files</Filter>
    </Image>
    <Image Include="res\toolbar2.bmp">
      <Filter>Resource Files</Filter>
    </Image>
    <Image Include="res\toolbar3.bmp">
      <Filter>Resource Files</Filter>
    </Image>
    <Image Include="res\toolbar\toolbar_shapes.bmp">
      <Filter>Resource Files</Filter>
    </Image>
    <Image Include="res\toolbar_.bmp">
      <Filter>Resource Files</Filter>
    </Image>
  </ItemGroup>
  <ItemGroup>
    <None Include="just_BCGP.manifest" />
    <None Include="just_BCGP.props" />
    <None Include="res\just_BCGP.rc2">
      <Filter>Resource Files</Filter>
    </None>
    <None Include="res\just_BCGP.toolbar.rc2">
      <Filter>Resource Files</Filter>
    </None>
  </ItemGroup>
  <ItemGroup>
    <Filter Include="Source Files">
      <UniqueIdentifier>{4FC737F1-C7A5-4376-A066-2A32D752A2FF}</UniqueIdentifier>
      <Extensions>cpp;c;cc;cxx;def;odl;idl;hpj;bat;asm;asmx</Extensions>
    </Filter>
    <Filter Include="Header Files">
      <UniqueIdentifier>{93995380-89BD-4b04-88EB-625FBE52EBFB}</UniqueIdentifier>
      <Extensions>h;hh;hpp;hxx;hm;inl;inc;ipp;xsd</Extensions>
    </Filter>
    <Filter Include="Resource Files">
      <UniqueIdentifier>{67DA6AB6-F800-4c08-8B7A-83BB121AAD01}</UniqueIdentifier>
      <Extensions>rc;ico;cur;bmp;dlg;rc2;rct;bin;rgs;gif;jpg;jpeg;jpe;resx;tiff;tif;png;wav;mfcribbon-ms</Extensions>
    </Filter>
    <Filter Include="panels">
      <UniqueIdentifier>{e188e02c-5e1b-4107-a67f-d43da0447049}</UniqueIdentifier>
    </Filter>
  </ItemGroup>
  <ItemGroup>
    <ResourceCompile Include="just_BCGP.rc">
      <Filter>Resource Files</Filter>
    </ResourceCompile>
  </ItemGroup>
</Project>